
Microsoft Visual Studio Solution File, Format Version 12.00
# Visual Studio 15
VisualStudioVersion = 15.0.26020.0
MinimumVisualStudioVersion = 10.0.40219.1
Project("{2150E333-8FDC-42A3-9474-1A3956D46DE8}") = "src", "src", "{A8A1A4EE-E04A-43AB-90C9-41E7B82EE1E5}"
EndProject
Project("{2150E333-8FDC-42A3-9474-1A3956D46DE8}") = "misc", "misc", "{1FE0D431-A761-4239-B2D6-D32C70723FD2}"
	ProjectSection(SolutionItems) = preProject
		Directory.build.project.props = Directory.build.project.props
		Directory.build.props = Directory.build.props
		Directory.build.shared.explicit.props = Directory.build.shared.explicit.props
		Directory.build.shared.implicit.props = Directory.build.shared.implicit.props
		Directory.build.targets = Directory.build.targets
		GlobalSuppressions.cs = GlobalSuppressions.cs
		nuget.config = nuget.config
		Orc.ProjectManagement.sln.DotSettings = Orc.ProjectManagement.sln.DotSettings
		SolutionAssemblyInfo.cs = SolutionAssemblyInfo.cs
	EndProjectSection
EndProject
Project("{2150E333-8FDC-42A3-9474-1A3956D46DE8}") = "Core", "Core", "{7A038899-FF34-4142-9E62-B639CC2C6B36}"
EndProject
Project("{2150E333-8FDC-42A3-9474-1A3956D46DE8}") = "Examples", "Examples", "{04AAC223-8FAE-42DF-9F7B-A20B60575CCB}"
EndProject
Project("{2150E333-8FDC-42A3-9474-1A3956D46DE8}") = "Tests", "Tests", "{0E1BD4B4-3282-4A08-8FBA-F534106F87BF}"
EndProject
Project("{9A19103F-16F7-4668-BE54-9A1E7A4F7556}") = "Orc.ProjectManagement", "Orc.ProjectManagement\Orc.ProjectManagement.csproj", "{D05EFBE8-AE89-4C51-84E7-4457D092EA21}"
EndProject
Project("{9A19103F-16F7-4668-BE54-9A1E7A4F7556}") = "Orc.ProjectManagement.Example.NET", "Orc.ProjectManagement.Example.NET\Orc.ProjectManagement.Example.NET.csproj", "{DD06E129-2E18-4F15-936B-8EA7C097E8D6}"
EndProject
Project("{9A19103F-16F7-4668-BE54-9A1E7A4F7556}") = "Orc.ProjectManagement.Tests", "Orc.ProjectManagement.Tests\Orc.ProjectManagement.Tests.csproj", "{E5C4CCB8-C9B8-4B7A-8997-32E95635089A}"
EndProject
Global
	GlobalSection(SolutionConfigurationPlatforms) = preSolution
		Debug|Any CPU = Debug|Any CPU
		Release|Any CPU = Release|Any CPU
	EndGlobalSection
	GlobalSection(ProjectConfigurationPlatforms) = postSolution
		{D05EFBE8-AE89-4C51-84E7-4457D092EA21}.Debug|Any CPU.ActiveCfg = Debug|Any CPU
		{D05EFBE8-AE89-4C51-84E7-4457D092EA21}.Debug|Any CPU.Build.0 = Debug|Any CPU
		{D05EFBE8-AE89-4C51-84E7-4457D092EA21}.Release|Any CPU.ActiveCfg = Release|Any CPU
		{D05EFBE8-AE89-4C51-84E7-4457D092EA21}.Release|Any CPU.Build.0 = Release|Any CPU
		{DD06E129-2E18-4F15-936B-8EA7C097E8D6}.Debug|Any CPU.ActiveCfg = Debug|Any CPU
		{DD06E129-2E18-4F15-936B-8EA7C097E8D6}.Debug|Any CPU.Build.0 = Debug|Any CPU
		{DD06E129-2E18-4F15-936B-8EA7C097E8D6}.Release|Any CPU.ActiveCfg = Release|Any CPU
		{DD06E129-2E18-4F15-936B-8EA7C097E8D6}.Release|Any CPU.Build.0 = Release|Any CPU
		{E5C4CCB8-C9B8-4B7A-8997-32E95635089A}.Debug|Any CPU.ActiveCfg = Debug|Any CPU
		{E5C4CCB8-C9B8-4B7A-8997-32E95635089A}.Debug|Any CPU.Build.0 = Debug|Any CPU
		{E5C4CCB8-C9B8-4B7A-8997-32E95635089A}.Release|Any CPU.ActiveCfg = Release|Any CPU
		{E5C4CCB8-C9B8-4B7A-8997-32E95635089A}.Release|Any CPU.Build.0 = Release|Any CPU
	EndGlobalSection
	GlobalSection(SolutionProperties) = preSolution
		HideSolutionNode = FALSE
	EndGlobalSection
	GlobalSection(NestedProjects) = preSolution
		{7A038899-FF34-4142-9E62-B639CC2C6B36} = {A8A1A4EE-E04A-43AB-90C9-41E7B82EE1E5}
		{04AAC223-8FAE-42DF-9F7B-A20B60575CCB} = {A8A1A4EE-E04A-43AB-90C9-41E7B82EE1E5}
		{0E1BD4B4-3282-4A08-8FBA-F534106F87BF} = {A8A1A4EE-E04A-43AB-90C9-41E7B82EE1E5}
		{D05EFBE8-AE89-4C51-84E7-4457D092EA21} = {7A038899-FF34-4142-9E62-B639CC2C6B36}
		{DD06E129-2E18-4F15-936B-8EA7C097E8D6} = {04AAC223-8FAE-42DF-9F7B-A20B60575CCB}
		{E5C4CCB8-C9B8-4B7A-8997-32E95635089A} = {0E1BD4B4-3282-4A08-8FBA-F534106F87BF}
	EndGlobalSection
	GlobalSection(ExtensibilityGlobals) = postSolution
		SolutionGuid = {2A1C9009-CE2F-47B7-B93E-5804FB611FAB}
	EndGlobalSection
EndGlobal
